PODS:
  - ActiveLabel (1.1.0)
  - Alamofire (5.6.1)
  - DeviceKit (4.6.0)
  - Differentiator (5.0.0)
  - IQKeyboardManagerSwift (6.5.10)
  - KeychainAccess (3.2.1)
  - Moya/Core (15.0.0):
    - Alamofire (~> 5.0)
  - Moya/RxSwift (15.0.0):
    - Moya/Core
    - RxSwift (~> 6.0)
  - R.swift (6.1.0):
    - R.swift.Library (~> 5.3.0)
  - R.swift.Library (5.3.0)
  - RxCocoa (6.5.0):
    - RxRelay (= 6.5.0)
    - RxSwift (= 6.5.0)
  - RxDataSources (5.0.0):
    - Differentiator (~> 5.0)
    - RxCocoa (~> 6.0)
    - RxSwift (~> 6.0)
  - RxGesture (4.0.4):
    - RxCocoa (~> 6.0)
    - RxSwift (~> 6.0)
  - RxRelay (6.5.0):
    - RxSwift (= 6.5.0)
  - RxSwift (6.5.0)
  - SwiftRichString (3.7.2)
  - SwiftyJSON (5.0.1)
  - Then (3.0.0)
  - TinyConstraints (4.0.2)

DEPENDENCIES:
  - ActiveLabel
  - Alamofire
  - DeviceKit (~> 4.0)
  - IQKeyboardManagerSwift
  - KeychainAccess (~> 3.2)
  - Moya/RxSwift (~> 15.0)
  - R.swift
  - RxCocoa (~> 6)
  - RxDataSources
  - RxGesture
  - RxSwift (~> 6)
  - SwiftRichString
  - SwiftyJSON
  - Then
  - TinyConstraints (~> 4.0)

SPEC REPOS:
  trunk:
    - ActiveLabel
    - Alamofire
    - DeviceKit
    - Differentiator
    - IQKeyboardManagerSwift
    - KeychainAccess
    - Moya
    - R.swift
    - R.swift.Library
    - RxCocoa
    - RxDataSources
    - RxGesture
    - RxRelay
    - RxSwift
    - SwiftRichString
    - SwiftyJSON
    - Then
    - TinyConstraints

SPEC CHECKSUMS:
  ActiveLabel: 5e3f4de79a1952d4604b845a0610d4776e4b82b3
  Alamofire: 87bd8c952f9a4454320fce00d9cc3de57bcadaf5
  DeviceKit: 834dd8aa1be53cd85364d8f49aa5d98bfac397c4
  Differentiator: e8497ceab83c1b10ca233716d547b9af21b9344d
  IQKeyboardManagerSwift: 52962c76ab33532f15ad9f3ff4e5715eda5335bb
  KeychainAccess: d5470352939ced6d6f7fb51cb2e67aae51fc294f
  Moya: 138f0573e53411fb3dc17016add0b748dfbd78ee
  R.swift: ec98ff71c4ab2f6fd01dd077e5afd15e63a4834c
  R.swift.Library: 0fc583cb55a99e28901299cc451614cad1161962
  RxCocoa: 94f817b71c07517321eb4f9ad299112ca8af743b
  RxDataSources: aa47cc1ed6c500fa0dfecac5c979b723542d79cf
  RxGesture: f3efb47ed2d26a8082f7b660d4a59970e275a7f8
  RxRelay: 1de1523e604c72b6c68feadedd1af3b1b4d0ecbd
  RxSwift: 5710a9e6b17f3c3d6e40d6e559b9fa1e813b2ef8
  SwiftRichString: d61b807db1f8834c26fee92b6dd3e1be2dc5af03
  SwiftyJSON: 2f33a42c6fbc52764d96f13368585094bfd8aa5e
  Then: 844265ae87834bbe1147d91d5d41a404da2ec27d
  TinyConstraints: 7b7ccc0c485bb3bb47082138ff28bc33cd49897f

PODFILE CHECKSUM: 5ac1fb4e3b59171db7867d4f71e57661479a1e05

COCOAPODS: 1.11.3
