// !$*UTF8*$!
{
	archiveVersion = 1;
	classes = {
	};
	objectVersion = 55;
	objects = {

/* Begin PBXBuildFile section */
		E7E36455985BF0938CB3EF3F /* Pods_MetaCircle.framework in Frameworks */ = {isa = PBXBuildFile; fileRef = 13F48190C9A2F31C65421B61 /* Pods_MetaCircle.framework */; };
		F973DE46282F93730075FDC2 /* MainViewController.swift in Sources */ = {isa = PBXBuildFile; fileRef = F973DE45282F93730075FDC2 /* MainViewController.swift */; };
		F973DE49282F96190075FDC2 /* LaunchScreen.storyboard in Resources */ = {isa = PBXBuildFile; fileRef = F973DE47282F96180075FDC2 /* LaunchScreen.storyboard */; };
		F973DE51282F9E470075FDC2 /* Localizable.strings in Resources */ = {isa = PBXBuildFile; fileRef = F973DE53282F9E470075FDC2 /* Localizable.strings */; };
		F973DE56282F9F1A0075FDC2 /* R.generated.swift in Sources */ = {isa = PBXBuildFile; fileRef = F973DE55282F9F1A0075FDC2 /* R.generated.swift */; };
		F9CDD1A0282F88CD002CEEEA /* AppDelegate.swift in Sources */ = {isa = PBXBuildFile; fileRef = F9CDD19F282F88CD002CEEEA /* AppDelegate.swift */; };
		F9CDD1A4282F88CD002CEEEA /* ViewController.swift in Sources */ = {isa = PBXBuildFile; fileRef = F9CDD1A3282F88CD002CEEEA /* ViewController.swift */; };
		F9CDD1A7282F88CD002CEEEA /* Main.storyboard in Resources */ = {isa = PBXBuildFile; fileRef = F9CDD1A5282F88CD002CEEEA /* Main.storyboard */; };
		F9CDD1A9282F88D0002CEEEA /* Assets.xcassets in Resources */ = {isa = PBXBuildFile; fileRef = F9CDD1A8282F88D0002CEEEA /* Assets.xcassets */; };
/* End PBXBuildFile section */

/* Begin PBXFileReference section */
		13F48190C9A2F31C65421B61 /* Pods_MetaCircle.framework */ = {isa = PBXFileReference; explicitFileType = wrapper.framework; includeInIndex = 0; path = Pods_MetaCircle.framework; sourceTree = BUILT_PRODUCTS_DIR; };
		57821A3A6167C2D7CAE73394 /* Pods-MetaCircle.release.xcconfig */ = {isa = PBXFileReference; includeInIndex = 1; lastKnownFileType = text.xcconfig; name = "Pods-MetaCircle.release.xcconfig"; path = "Target Support Files/Pods-MetaCircle/Pods-MetaCircle.release.xcconfig"; sourceTree = "<group>"; };
		820ED9B00609B359E48ECD0E /* Pods-MetaCircle.debug.xcconfig */ = {isa = PBXFileReference; includeInIndex = 1; lastKnownFileType = text.xcconfig; name = "Pods-MetaCircle.debug.xcconfig"; path = "Target Support Files/Pods-MetaCircle/Pods-MetaCircle.debug.xcconfig"; sourceTree = "<group>"; };
		F973DE45282F93730075FDC2 /* MainViewController.swift */ = {isa = PBXFileReference; lastKnownFileType = sourcecode.swift; path = MainViewController.swift; sourceTree = "<group>"; };
		F973DE48282F96180075FDC2 /* Base */ = {isa = PBXFileReference; lastKnownFileType = file.storyboard; name = Base; path = MetaCircle/Base.lproj/LaunchScreen.storyboard; sourceTree = SOURCE_ROOT; };
		F973DE4F282F9E220075FDC2 /* zh-Hant */ = {isa = PBXFileReference; lastKnownFileType = text.plist.strings; name = "zh-Hant"; path = "../zh-Hant.lproj/LaunchScreen.strings"; sourceTree = "<group>"; };
		F973DE50282F9E220075FDC2 /* zh-Hant */ = {isa = PBXFileReference; lastKnownFileType = text.plist.strings; name = "zh-Hant"; path = "zh-Hant.lproj/Main.strings"; sourceTree = "<group>"; };
		F973DE52282F9E470075FDC2 /* en */ = {isa = PBXFileReference; lastKnownFileType = text.plist.strings; name = en; path = en.lproj/Localizable.strings; sourceTree = "<group>"; };
		F973DE54282F9E4A0075FDC2 /* zh-Hant */ = {isa = PBXFileReference; lastKnownFileType = text.plist.strings; name = "zh-Hant"; path = "zh-Hant.lproj/Localizable.strings"; sourceTree = "<group>"; };
		F973DE55282F9F1A0075FDC2 /* R.generated.swift */ = {isa = PBXFileReference; fileEncoding = 4; lastKnownFileType = sourcecode.swift; path = R.generated.swift; sourceTree = SOURCE_ROOT; };
		F9CDD19C282F88CD002CEEEA /* MetaCircle.app */ = {isa = PBXFileReference; explicitFileType = wrapper.application; includeInIndex = 0; path = MetaCircle.app; sourceTree = BUILT_PRODUCTS_DIR; };
		F9CDD19F282F88CD002CEEEA /* AppDelegate.swift */ = {isa = PBXFileReference; lastKnownFileType = sourcecode.swift; path = AppDelegate.swift; sourceTree = "<group>"; };
		F9CDD1A3282F88CD002CEEEA /* ViewController.swift */ = {isa = PBXFileReference; lastKnownFileType = sourcecode.swift; path = ViewController.swift; sourceTree = "<group>"; };
		F9CDD1A6282F88CD002CEEEA /* Base */ = {isa = PBXFileReference; lastKnownFileType = file.storyboard; name = Base; path = Base.lproj/Main.storyboard; sourceTree = "<group>"; };
		F9CDD1A8282F88D0002CEEEA /* Assets.xcassets */ = {isa = PBXFileReference; lastKnownFileType = folder.assetcatalog; path = Assets.xcassets; sourceTree = "<group>"; };
		F9CDD1AD282F88D0002CEEEA /* Info.plist */ = {isa = PBXFileReference; lastKnownFileType = text.plist.xml; path = Info.plist; sourceTree = "<group>"; };
/* End PBXFileReference section */

/* Begin PBXFrameworksBuildPhase section */
		F9CDD199282F88CD002CEEEA /* Frameworks */ = {
			isa = PBXFrameworksBuildPhase;
			buildActionMask = 2147483647;
			files = (
				E7E36455985BF0938CB3EF3F /* Pods_MetaCircle.framework in Frameworks */,
			);
			runOnlyForDeploymentPostprocessing = 0;
		};
/* End PBXFrameworksBuildPhase section */

/* Begin PBXGroup section */
		5C1F7F698A6D16EFA16369EC /* Frameworks */ = {
			isa = PBXGroup;
			children = (
				13F48190C9A2F31C65421B61 /* Pods_MetaCircle.framework */,
			);
			name = Frameworks;
			sourceTree = "<group>";
		};
		C6231F2F47B6EB32CCEEC569 /* Pods */ = {
			isa = PBXGroup;
			children = (
				820ED9B00609B359E48ECD0E /* Pods-MetaCircle.debug.xcconfig */,
				57821A3A6167C2D7CAE73394 /* Pods-MetaCircle.release.xcconfig */,
			);
			path = Pods;
			sourceTree = "<group>";
		};
		F973DE43282F91FC0075FDC2 /* Application */ = {
			isa = PBXGroup;
			children = (
				F9CDD19F282F88CD002CEEEA /* AppDelegate.swift */,
			);
			path = Application;
			sourceTree = "<group>";
		};
		F973DE44282F922A0075FDC2 /* Resources */ = {
			isa = PBXGroup;
			children = (
				F973DE47282F96180075FDC2 /* LaunchScreen.storyboard */,
				F9CDD1A5282F88CD002CEEEA /* Main.storyboard */,
				F9CDD1A8282F88D0002CEEEA /* Assets.xcassets */,
				F973DE53282F9E470075FDC2 /* Localizable.strings */,
			);
			path = Resources;
			sourceTree = "<group>";
		};
		F9CDD193282F88CD002CEEEA = {
			isa = PBXGroup;
			children = (
				F9CDD19E282F88CD002CEEEA /* MetaCircle */,
				F9CDD19D282F88CD002CEEEA /* Products */,
				C6231F2F47B6EB32CCEEC569 /* Pods */,
				5C1F7F698A6D16EFA16369EC /* Frameworks */,
			);
			sourceTree = "<group>";
		};
		F9CDD19D282F88CD002CEEEA /* Products */ = {
			isa = PBXGroup;
			children = (
				F9CDD19C282F88CD002CEEEA /* MetaCircle.app */,
			);
			name = Products;
			sourceTree = "<group>";
		};
		F9CDD19E282F88CD002CEEEA /* MetaCircle */ = {
			isa = PBXGroup;
			children = (
				F973DE55282F9F1A0075FDC2 /* R.generated.swift */,
				F973DE43282F91FC0075FDC2 /* Application */,
				F9CDD1A3282F88CD002CEEEA /* ViewController.swift */,
				F973DE45282F93730075FDC2 /* MainViewController.swift */,
				F973DE44282F922A0075FDC2 /* Resources */,
				F9CDD1AD282F88D0002CEEEA /* Info.plist */,
			);
			path = MetaCircle;
			sourceTree = "<group>";
		};
/* End PBXGroup section */

/* Begin PBXNativeTarget section */
		F9CDD19B282F88CD002CEEEA /* MetaCircle */ = {
			isa = PBXNativeTarget;
			buildConfigurationList = F9CDD1B0282F88D0002CEEEA /* Build configuration list for PBXNativeTarget "MetaCircle" */;
			buildPhases = (
				8AF84B8B00FA2A3584B53DE8 /* [CP] Check Pods Manifest.lock */,
				F973DE4A282F98B60075FDC2 /* Run R.Swift Script  */,
				F9CDD198282F88CD002CEEEA /* Sources */,
				F9CDD199282F88CD002CEEEA /* Frameworks */,
				F9CDD19A282F88CD002CEEEA /* Resources */,
				88BEE5A08B396867278D9D32 /* [CP] Embed Pods Frameworks */,
			);
			buildRules = (
			);
			dependencies = (
			);
			name = MetaCircle;
			productName = MetaCircle;
			productReference = F9CDD19C282F88CD002CEEEA /* MetaCircle.app */;
			productType = "com.apple.product-type.application";
		};
/* End PBXNativeTarget section */

/* Begin PBXProject section */
		F9CDD194282F88CD002CEEEA /* Project object */ = {
			isa = PBXProject;
			attributes = {
				BuildIndependentTargetsInParallel = 1;
				LastSwiftUpdateCheck = 1330;
				LastUpgradeCheck = 1330;
				TargetAttributes = {
					F9CDD19B282F88CD002CEEEA = {
						CreatedOnToolsVersion = 13.3;
					};
				};
			};
			buildConfigurationList = F9CDD197282F88CD002CEEEA /* Build configuration list for PBXProject "MetaCircle" */;
			compatibilityVersion = "Xcode 13.0";
			developmentRegion = en;
			hasScannedForEncodings = 0;
			knownRegions = (
				en,
				Base,
				"zh-Hant",
			);
			mainGroup = F9CDD193282F88CD002CEEEA;
			productRefGroup = F9CDD19D282F88CD002CEEEA /* Products */;
			projectDirPath = "";
			projectRoot = "";
			targets = (
				F9CDD19B282F88CD002CEEEA /* MetaCircle */,
			);
		};
/* End PBXProject section */

/* Begin PBXResourcesBuildPhase section */
		F9CDD19A282F88CD002CEEEA /* Resources */ = {
			isa = PBXResourcesBuildPhase;
			buildActionMask = 2147483647;
			files = (
				F973DE49282F96190075FDC2 /* LaunchScreen.storyboard in Resources */,
				F973DE51282F9E470075FDC2 /* Localizable.strings in Resources */,
				F9CDD1A9282F88D0002CEEEA /* Assets.xcassets in Resources */,
				F9CDD1A7282F88CD002CEEEA /* Main.storyboard in Resources */,
			);
			runOnlyForDeploymentPostprocessing = 0;
		};
/* End PBXResourcesBuildPhase section */

/* Begin PBXShellScriptBuildPhase section */
		88BEE5A08B396867278D9D32 /* [CP] Embed Pods Frameworks */ = {
			isa = PBXShellScriptBuildPhase;
			buildActionMask = 2147483647;
			files = (
			);
			inputFileListPaths = (
				"${PODS_ROOT}/Target Support Files/Pods-MetaCircle/Pods-MetaCircle-frameworks-${CONFIGURATION}-input-files.xcfilelist",
			);
			name = "[CP] Embed Pods Frameworks";
			outputFileListPaths = (
				"${PODS_ROOT}/Target Support Files/Pods-MetaCircle/Pods-MetaCircle-frameworks-${CONFIGURATION}-output-files.xcfilelist",
			);
			runOnlyForDeploymentPostprocessing = 0;
			shellPath = /bin/sh;
			shellScript = "\"${PODS_ROOT}/Target Support Files/Pods-MetaCircle/Pods-MetaCircle-frameworks.sh\"\n";
			showEnvVarsInLog = 0;
		};
		8AF84B8B00FA2A3584B53DE8 /* [CP] Check Pods Manifest.lock */ = {
			isa = PBXShellScriptBuildPhase;
			buildActionMask = 2147483647;
			files = (
			);
			inputFileListPaths = (
			);
			inputPaths = (
				"${PODS_PODFILE_DIR_PATH}/Podfile.lock",
				"${PODS_ROOT}/Manifest.lock",
			);
			name = "[CP] Check Pods Manifest.lock";
			outputFileListPaths = (
			);
			outputPaths = (
				"$(DERIVED_FILE_DIR)/Pods-MetaCircle-checkManifestLockResult.txt",
			);
			runOnlyForDeploymentPostprocessing = 0;
			shellPath = /bin/sh;
			shellScript = "diff \"${PODS_PODFILE_DIR_PATH}/Podfile.lock\" \"${PODS_ROOT}/Manifest.lock\" > /dev/null\nif [ $? != 0 ] ; then\n    # print error to STDERR\n    echo \"error: The sandbox is not in sync with the Podfile.lock. Run 'pod install' or update your CocoaPods installation.\" >&2\n    exit 1\nfi\n# This output is used by Xcode 'outputs' to avoid re-running this script phase.\necho \"SUCCESS\" > \"${SCRIPT_OUTPUT_FILE_0}\"\n";
			showEnvVarsInLog = 0;
		};
		F973DE4A282F98B60075FDC2 /* Run R.Swift Script  */ = {
			isa = PBXShellScriptBuildPhase;
			alwaysOutOfDate = 1;
			buildActionMask = 2147483647;
			files = (
			);
			inputFileListPaths = (
			);
			inputPaths = (
				"$TEMP_DIR/rswift-lastrun",
			);
			name = "Run R.Swift Script ";
			outputFileListPaths = (
			);
			outputPaths = (
				$SRCROOT/R.generated.swift,
			);
			runOnlyForDeploymentPostprocessing = 0;
			shellPath = /bin/sh;
			shellScript = "\"$PODS_ROOT/R.swift/rswift\" generate \"$SRCROOT/R.generated.swift\"\n";
		};
/* End PBXShellScriptBuildPhase section */

/* Begin PBXSourcesBuildPhase section */
		F9CDD198282F88CD002CEEEA /* Sources */ = {
			isa = PBXSourcesBuildPhase;
			buildActionMask = 2147483647;
			files = (
				F973DE46282F93730075FDC2 /* MainViewController.swift in Sources */,
				F9CDD1A4282F88CD002CEEEA /* ViewController.swift in Sources */,
				F9CDD1A0282F88CD002CEEEA /* AppDelegate.swift in Sources */,
				F973DE56282F9F1A0075FDC2 /* R.generated.swift in Sources */,
			);
			runOnlyForDeploymentPostprocessing = 0;
		};
/* End PBXSourcesBuildPhase section */

/* Begin PBXVariantGroup section */
		F973DE47282F96180075FDC2 /* LaunchScreen.storyboard */ = {
			isa = PBXVariantGroup;
			children = (
				F973DE48282F96180075FDC2 /* Base */,
				F973DE4F282F9E220075FDC2 /* zh-Hant */,
			);
			name = LaunchScreen.storyboard;
			sourceTree = "<group>";
		};
		F973DE53282F9E470075FDC2 /* Localizable.strings */ = {
			isa = PBXVariantGroup;
			children = (
				F973DE52282F9E470075FDC2 /* en */,
				F973DE54282F9E4A0075FDC2 /* zh-Hant */,
			);
			name = Localizable.strings;
			sourceTree = "<group>";
		};
		F9CDD1A5282F88CD002CEEEA /* Main.storyboard */ = {
			isa = PBXVariantGroup;
			children = (
				F9CDD1A6282F88CD002CEEEA /* Base */,
				F973DE50282F9E220075FDC2 /* zh-Hant */,
			);
			name = Main.storyboard;
			sourceTree = "<group>";
		};
/* End PBXVariantGroup section */

/* Begin XCBuildConfiguration section */
		F9CDD1AE282F88D0002CEEEA /* Debug */ = {
			isa = XCBuildConfiguration;
			buildSettings = {
				ALWAYS_SEARCH_USER_PATHS = NO;
				CLANG_ANALYZER_LOCALIZABILITY_NONLOCALIZED = YES;
				CLANG_ANALYZER_NONNULL = YES;
				CLANG_ANALYZER_NUMBER_OBJECT_CONVERSION = YES_AGGRESSIVE;
				CLANG_CXX_LANGUAGE_STANDARD = "gnu++17";
				CLANG_ENABLE_MODULES = YES;
				CLANG_ENABLE_OBJC_ARC = YES;
				CLANG_ENABLE_OBJC_WEAK = YES;
				CLANG_WARN_BLOCK_CAPTURE_AUTORELEASING = YES;
				CLANG_WARN_BOOL_CONVERSION = YES;
				CLANG_WARN_COMMA = YES;
				CLANG_WARN_CONSTANT_CONVERSION = YES;
				CLANG_WARN_DEPRECATED_OBJC_IMPLEMENTATIONS = YES;
				CLANG_WARN_DIRECT_OBJC_ISA_USAGE = YES_ERROR;
				CLANG_WARN_DOCUMENTATION_COMMENTS = YES;
				CLANG_WARN_EMPTY_BODY = YES;
				CLANG_WARN_ENUM_CONVERSION = YES;
				CLANG_WARN_INFINITE_RECURSION = YES;
				CLANG_WARN_INT_CONVERSION = YES;
				CLANG_WARN_NON_LITERAL_NULL_CONVERSION = YES;
				CLANG_WARN_OBJC_IMPLICIT_RETAIN_SELF = YES;
				CLANG_WARN_OBJC_LITERAL_CONVERSION = YES;
				CLANG_WARN_OBJC_ROOT_CLASS = YES_ERROR;
				CLANG_WARN_QUOTED_INCLUDE_IN_FRAMEWORK_HEADER = YES;
				CLANG_WARN_RANGE_LOOP_ANALYSIS = YES;
				CLANG_WARN_STRICT_PROTOTYPES = YES;
				CLANG_WARN_SUSPICIOUS_MOVE = YES;
				CLANG_WARN_UNGUARDED_AVAILABILITY = YES_AGGRESSIVE;
				CLANG_WARN_UNREACHABLE_CODE = YES;
				CLANG_WARN__DUPLICATE_METHOD_MATCH = YES;
				COPY_PHASE_STRIP = NO;
				DEBUG_INFORMATION_FORMAT = dwarf;
				ENABLE_STRICT_OBJC_MSGSEND = YES;
				ENABLE_TESTABILITY = YES;
				GCC_C_LANGUAGE_STANDARD = gnu11;
				GCC_DYNAMIC_NO_PIC = NO;
				GCC_NO_COMMON_BLOCKS = YES;
				GCC_OPTIMIZATION_LEVEL = 0;
				GCC_PREPROCESSOR_DEFINITIONS = (
					"DEBUG=1",
					"$(inherited)",
				);
				GCC_WARN_64_TO_32_BIT_CONVERSION = YES;
				GCC_WARN_ABOUT_RETURN_TYPE = YES_ERROR;
				GCC_WARN_UNDECLARED_SELECTOR = YES;
				GCC_WARN_UNINITIALIZED_AUTOS = YES_AGGRESSIVE;
				GCC_WARN_UNUSED_FUNCTION = YES;
				GCC_WARN_UNUSED_VARIABLE = YES;
				IPHONEOS_DEPLOYMENT_TARGET = 12.0;
				MTL_ENABLE_DEBUG_INFO = INCLUDE_SOURCE;
				MTL_FAST_MATH = YES;
				ONLY_ACTIVE_ARCH = YES;
				SDKROOT = iphoneos;
				SWIFT_ACTIVE_COMPILATION_CONDITIONS = DEBUG;
				SWIFT_OPTIMIZATION_LEVEL = "-Onone";
			};
			name = Debug;
		};
		F9CDD1AF282F88D0002CEEEA /* Release */ = {
			isa = XCBuildConfiguration;
			buildSettings = {
				ALWAYS_SEARCH_USER_PATHS = NO;
				CLANG_ANALYZER_LOCALIZABILITY_NONLOCALIZED = YES;
				CLANG_ANALYZER_NONNULL = YES;
				CLANG_ANALYZER_NUMBER_OBJECT_CONVERSION = YES_AGGRESSIVE;
				CLANG_CXX_LANGUAGE_STANDARD = "gnu++17";
				CLANG_ENABLE_MODULES = YES;
				CLANG_ENABLE_OBJC_ARC = YES;
				CLANG_ENABLE_OBJC_WEAK = YES;
				CLANG_WARN_BLOCK_CAPTURE_AUTORELEASING = YES;
				CLANG_WARN_BOOL_CONVERSION = YES;
				CLANG_WARN_COMMA = YES;
				CLANG_WARN_CONSTANT_CONVERSION = YES;
				CLANG_WARN_DEPRECATED_OBJC_IMPLEMENTATIONS = YES;
				CLANG_WARN_DIRECT_OBJC_ISA_USAGE = YES_ERROR;
				CLANG_WARN_DOCUMENTATION_COMMENTS = YES;
				CLANG_WARN_EMPTY_BODY = YES;
				CLANG_WARN_ENUM_CONVERSION = YES;
				CLANG_WARN_INFINITE_RECURSION = YES;
				CLANG_WARN_INT_CONVERSION = YES;
				CLANG_WARN_NON_LITERAL_NULL_CONVERSION = YES;
				CLANG_WARN_OBJC_IMPLICIT_RETAIN_SELF = YES;
				CLANG_WARN_OBJC_LITERAL_CONVERSION = YES;
				CLANG_WARN_OBJC_ROOT_CLASS = YES_ERROR;
				CLANG_WARN_QUOTED_INCLUDE_IN_FRAMEWORK_HEADER = YES;
				CLANG_WARN_RANGE_LOOP_ANALYSIS = YES;
				CLANG_WARN_STRICT_PROTOTYPES = YES;
				CLANG_WARN_SUSPICIOUS_MOVE = YES;
				CLANG_WARN_UNGUARDED_AVAILABILITY = YES_AGGRESSIVE;
				CLANG_WARN_UNREACHABLE_CODE = YES;
				CLANG_WARN__DUPLICATE_METHOD_MATCH = YES;
				COPY_PHASE_STRIP = NO;
				DEBUG_INFORMATION_FORMAT = "dwarf-with-dsym";
				ENABLE_NS_ASSERTIONS = NO;
				ENABLE_STRICT_OBJC_MSGSEND = YES;
				GCC_C_LANGUAGE_STANDARD = gnu11;
				GCC_NO_COMMON_BLOCKS = YES;
				GCC_WARN_64_TO_32_BIT_CONVERSION = YES;
				GCC_WARN_ABOUT_RETURN_TYPE = YES_ERROR;
				GCC_WARN_UNDECLARED_SELECTOR = YES;
				GCC_WARN_UNINITIALIZED_AUTOS = YES_AGGRESSIVE;
				GCC_WARN_UNUSED_FUNCTION = YES;
				GCC_WARN_UNUSED_VARIABLE = YES;
				IPHONEOS_DEPLOYMENT_TARGET = 12.0;
				MTL_ENABLE_DEBUG_INFO = NO;
				MTL_FAST_MATH = YES;
				SDKROOT = iphoneos;
				SWIFT_COMPILATION_MODE = wholemodule;
				SWIFT_OPTIMIZATION_LEVEL = "-O";
				VALIDATE_PRODUCT = YES;
			};
			name = Release;
		};
		F9CDD1B1282F88D0002CEEEA /* Debug */ = {
			isa = XCBuildConfiguration;
			baseConfigurationReference = 820ED9B00609B359E48ECD0E /* Pods-MetaCircle.debug.xcconfig */;
			buildSettings = {
				ASSETCATALOG_COMPILER_APPICON_NAME = AppIcon;
				ASSETCATALOG_COMPILER_GLOBAL_ACCENT_COLOR_NAME = AccentColor;
				ASSETCATALOG_COMPILER_INCLUDE_ALL_APPICON_ASSETS = NO;
				CODE_SIGN_STYLE = Automatic;
				CURRENT_PROJECT_VERSION = 1;
				DEVELOPMENT_TEAM = 284Y9W6F8Y;
				GENERATE_INFOPLIST_FILE = YES;
				INFOPLIST_FILE = MetaCircle/Info.plist;
				INFOPLIST_KEY_UIApplicationSupportsIndirectInputEvents = YES;
				INFOPLIST_KEY_UILaunchStoryboardName = LaunchScreen;
				INFOPLIST_KEY_UIMainStoryboardFile = Main;
				INFOPLIST_KEY_UISupportedInterfaceOrientations = UIInterfaceOrientationPortrait;
				INFOPLIST_KEY_UISupportedInterfaceOrientations_iPad = "UIInterfaceOrientationPortrait UIInterfaceOrientationPortraitUpsideDown UIInterfaceOrientationLandscapeLeft UIInterfaceOrientationLandscapeRight";
				INFOPLIST_KEY_UISupportedInterfaceOrientations_iPhone = "UIInterfaceOrientationPortrait UIInterfaceOrientationLandscapeLeft UIInterfaceOrientationLandscapeRight";
				IPHONEOS_DEPLOYMENT_TARGET = 12.0;
				LD_RUNPATH_SEARCH_PATHS = (
					"$(inherited)",
					"@executable_path/Frameworks",
				);
				MARKETING_VERSION = 1.0;
				PRODUCT_BUNDLE_IDENTIFIER = com.shuei3BeiBaBa.app.metacircle.dev.MetaCircle;
				PRODUCT_NAME = "$(TARGET_NAME)";
				SWIFT_EMIT_LOC_STRINGS = YES;
				SWIFT_VERSION = 5.0;
				TARGETED_DEVICE_FAMILY = "1,2";
			};
			name = Debug;
		};
		F9CDD1B2282F88D0002CEEEA /* Release */ = {
			isa = XCBuildConfiguration;
			baseConfigurationReference = 57821A3A6167C2D7CAE73394 /* Pods-MetaCircle.release.xcconfig */;
			buildSettings = {
				ASSETCATALOG_COMPILER_APPICON_NAME = AppIcon;
				ASSETCATALOG_COMPILER_GLOBAL_ACCENT_COLOR_NAME = AccentColor;
				ASSETCATALOG_COMPILER_INCLUDE_ALL_APPICON_ASSETS = NO;
				CODE_SIGN_STYLE = Automatic;
				CURRENT_PROJECT_VERSION = 1;
				DEVELOPMENT_TEAM = 284Y9W6F8Y;
				GENERATE_INFOPLIST_FILE = YES;
				INFOPLIST_FILE = MetaCircle/Info.plist;
				INFOPLIST_KEY_UIApplicationSupportsIndirectInputEvents = YES;
				INFOPLIST_KEY_UILaunchStoryboardName = LaunchScreen;
				INFOPLIST_KEY_UIMainStoryboardFile = Main;
				INFOPLIST_KEY_UISupportedInterfaceOrientations = UIInterfaceOrientationPortrait;
				INFOPLIST_KEY_UISupportedInterfaceOrientations_iPad = "UIInterfaceOrientationPortrait UIInterfaceOrientationPortraitUpsideDown UIInterfaceOrientationLandscapeLeft UIInterfaceOrientationLandscapeRight";
				INFOPLIST_KEY_UISupportedInterfaceOrientations_iPhone = "UIInterfaceOrientationPortrait UIInterfaceOrientationLandscapeLeft UIInterfaceOrientationLandscapeRight";
				IPHONEOS_DEPLOYMENT_TARGET = 12.0;
				LD_RUNPATH_SEARCH_PATHS = (
					"$(inherited)",
					"@executable_path/Frameworks",
				);
				MARKETING_VERSION = 1.0;
				PRODUCT_BUNDLE_IDENTIFIER = com.shuei3BeiBaBa.app.metacircle.dev.MetaCircle;
				PRODUCT_NAME = "$(TARGET_NAME)";
				SWIFT_EMIT_LOC_STRINGS = YES;
				SWIFT_VERSION = 5.0;
				TARGETED_DEVICE_FAMILY = "1,2";
			};
			name = Release;
		};
/* End XCBuildConfiguration section */

/* Begin XCConfigurationList section */
		F9CDD197282F88CD002CEEEA /* Build configuration list for PBXProject "MetaCircle" */ = {
			isa = XCConfigurationList;
			buildConfigurations = (
				F9CDD1AE282F88D0002CEEEA /* Debug */,
				F9CDD1AF282F88D0002CEEEA /* Release */,
			);
			defaultConfigurationIsVisible = 0;
			defaultConfigurationName = Release;
		};
		F9CDD1B0282F88D0002CEEEA /* Build configuration list for PBXNativeTarget "MetaCircle" */ = {
			isa = XCConfigurationList;
			buildConfigurations = (
				F9CDD1B1282F88D0002CEEEA /* Debug */,
				F9CDD1B2282F88D0002CEEEA /* Release */,
			);
			defaultConfigurationIsVisible = 0;
			defaultConfigurationName = Release;
		};
/* End XCConfigurationList section */
	};
	rootObject = F9CDD194282F88CD002CEEEA /* Project object */;
}
